// !$*UTF8*$!
{
	archiveVersion = 1;
	classes = {
	};
	objectVersion = 46;
	objects = {

/* Begin PBXBuildFile section */
		00684A39181EBD640060C965 /* Foundation.framework in Frameworks */ = {isa = PBXBuildFile; fileRef = 00684A38181EBD640060C965 /* Foundation.framework */; };
		00684A3B181EBD640060C965 /* CoreGraphics.framework in Frameworks */ = {isa = PBXBuildFile; fileRef = 00684A3A181EBD640060C965 /* CoreGraphics.framework */; };
		00684A3D181EBD640060C965 /* UIKit.framework in Frameworks */ = {isa = PBXBuildFile; fileRef = 00684A3C181EBD640060C965 /* UIKit.framework */; };
		00684A43181EBD640060C965 /* InfoPlist.strings in Resources */ = {isa = PBXBuildFile; fileRef = 00684A41181EBD640060C965 /* InfoPlist.strings */; };
		00684A45181EBD640060C965 /* main.m in Sources */ = {isa = PBXBuildFile; fileRef = 00684A44181EBD640060C965 /* main.m */; };
		00684A49181EBD640060C965 /* AppDelegate.m in Sources */ = {isa = PBXBuildFile; fileRef = 00684A48181EBD640060C965 /* AppDelegate.m */; };
		00684A4C181EBD640060C965 /* Main.storyboard in Resources */ = {isa = PBXBuildFile; fileRef = 00684A4A181EBD640060C965 /* Main.storyboard */; };
		00684A4F181EBD640060C965 /* ViewController.m in Sources */ = {isa = PBXBuildFile; fileRef = 00684A4E181EBD640060C965 /* ViewController.m */; };
		00684A51181EBD640060C965 /* Images.xcassets in Resources */ = {isa = PBXBuildFile; fileRef = 00684A50181EBD640060C965 /* Images.xcassets */; };
		00684A58181EBD640060C965 /* XCTest.framework in Frameworks */ = {isa = PBXBuildFile; fileRef = 00684A57181EBD640060C965 /* XCTest.framework */; };
		00684A59181EBD640060C965 /* Foundation.framework in Frameworks */ = {isa = PBXBuildFile; fileRef = 00684A38181EBD640060C965 /* Foundation.framework */; };
		00684A5A181EBD640060C965 /* UIKit.framework in Frameworks */ = {isa = PBXBuildFile; fileRef = 00684A3C181EBD640060C965 /* UIKit.framework */; };
		00684A62181EBD650060C965 /* InfoPlist.strings in Resources */ = {isa = PBXBuildFile; fileRef = 00684A60181EBD640060C965 /* InfoPlist.strings */; };
		00684A64181EBD650060C965 /* GettingAttentionTests.m in Sources */ = {isa = PBXBuildFile; fileRef = 00684A63181EBD650060C965 /* GettingAttentionTests.m */; };
		00684A70181EBD820060C965 /* alertsound.wav in Resources */ = {isa = PBXBuildFile; fileRef = 00684A6E181EBD820060C965 /* alertsound.wav */; };
		00684A71181EBD820060C965 /* soundeffect.wav in Resources */ = {isa = PBXBuildFile; fileRef = 00684A6F181EBD820060C965 /* soundeffect.wav */; };
		00684A73181EBDCB0060C965 /* AudioToolbox.framework in Frameworks */ = {isa = PBXBuildFile; fileRef = 00684A72181EBDCB0060C965 /* AudioToolbox.framework */; };
/* End PBXBuildFile section */

/* Begin PBXContainerItemProxy section */
		00684A5B181EBD640060C965 /* PBXContainerItemProxy */ = {
			isa = PBXContainerItemProxy;
			containerPortal = 00684A2D181EBD640060C965 /* Project object */;
			proxyType = 1;
			remoteGlobalIDString = 00684A34181EBD640060C965;
			remoteInfo = GettingAttention;
		};
/* End PBXContainerItemProxy section */

/* Begin PBXFileReference section */
		00684A35181EBD640060C965 /* GettingAttention.app */ = {isa = PBXFileReference; explicitFileType = wrapper.application; includeInIndex = 0; path = GettingAttention.app; sourceTree = BUILT_PRODUCTS_DIR; };
		00684A38181EBD640060C965 /* Foundation.framework */ = {isa = PBXFileReference; lastKnownFileType = wrapper.framework; name = Foundation.framework; path = System/Library/Frameworks/Foundation.framework; sourceTree = SDKROOT; };
		00684A3A181EBD640060C965 /* CoreGraphics.framework */ = {isa = PBXFileReference; lastKnownFileType = wrapper.framework; name = CoreGraphics.framework; path = System/Library/Frameworks/CoreGraphics.framework; sourceTree = SDKROOT; };
		00684A3C181EBD640060C965 /* UIKit.framework */ = {isa = PBXFileReference; lastKnownFileType = wrapper.framework; name = UIKit.framework; path = System/Library/Frameworks/UIKit.framework; sourceTree = SDKROOT; };
		00684A40181EBD640060C965 /* GettingAttention-Info.plist */ = {isa = PBXFileReference; lastKnownFileType = text.plist.xml; path = "GettingAttention-Info.plist"; sourceTree = "<group>"; };
		00684A42181EBD640060C965 /* en */ = {isa = PBXFileReference; lastKnownFileType = text.plist.strings; name = en; path = en.lproj/InfoPlist.strings; sourceTree = "<group>"; };
		00684A44181EBD640060C965 /* main.m */ = {isa = PBXFileReference; lastKnownFileType = sourcecode.c.objc; path = main.m; sourceTree = "<group>"; };
		00684A46181EBD640060C965 /* GettingAttention-Prefix.pch */ = {isa = PBXFileReference; lastKnownFileType = sourcecode.c.h; path = "GettingAttention-Prefix.pch"; sourceTree = "<group>"; };
		00684A47181EBD640060C965 /* AppDelegate.h */ = {isa = PBXFileReference; lastKnownFileType = sourcecode.c.h; path = AppDelegate.h; sourceTree = "<group>"; };
		00684A48181EBD640060C965 /* AppDelegate.m */ = {isa = PBXFileReference; lastKnownFileType = sourcecode.c.objc; path = AppDelegate.m; sourceTree = "<group>"; };
		00684A4B181EBD640060C965 /* Base */ = {isa = PBXFileReference; lastKnownFileType = file.storyboard; name = Base; path = Base.lproj/Main.storyboard; sourceTree = "<group>"; };
		00684A4D181EBD640060C965 /* ViewController.h */ = {isa = PBXFileReference; lastKnownFileType = sourcecode.c.h; path = ViewController.h; sourceTree = "<group>"; };
		00684A4E181EBD640060C965 /* ViewController.m */ = {isa = PBXFileReference; lastKnownFileType = sourcecode.c.objc; path = ViewController.m; sourceTree = "<group>"; };
		00684A50181EBD640060C965 /* Images.xcassets */ = {isa = PBXFileReference; lastKnownFileType = folder.assetcatalog; path = Images.xcassets; sourceTree = "<group>"; };
		00684A56181EBD640060C965 /* GettingAttentionTests.xctest */ = {isa = PBXFileReference; explicitFileType = wrapper.cfbundle; includeInIndex = 0; path = GettingAttentionTests.xctest; sourceTree = BUILT_PRODUCTS_DIR; };
		00684A57181EBD640060C965 /* XCTest.framework */ = {isa = PBXFileReference; lastKnownFileType = wrapper.framework; name = XCTest.framework; path = Library/Frameworks/XCTest.framework; sourceTree = DEVELOPER_DIR; };
		00684A5F181EBD640060C965 /* GettingAttentionTests-Info.plist */ = {isa = PBXFileReference; lastKnownFileType = text.plist.xml; path = "GettingAttentionTests-Info.plist"; sourceTree = "<group>"; };
		00684A61181EBD640060C965 /* en */ = {isa = PBXFileReference; lastKnownFileType = text.plist.strings; name = en; path = en.lproj/InfoPlist.strings; sourceTree = "<group>"; };
		00684A63181EBD650060C965 /* GettingAttentionTests.m */ = {isa = PBXFileReference; lastKnownFileType = sourcecode.c.objc; path = GettingAttentionTests.m; sourceTree = "<group>"; };
		00684A6E181EBD820060C965 /* alertsound.wav */ = {isa = PBXFileReference; lastKnownFileType = audio.wav; path = alertsound.wav; sourceTree = "<group>"; };
		00684A6F181EBD820060C965 /* soundeffect.wav */ = {isa = PBXFileReference; lastKnownFileType = audio.wav; path = soundeffect.wav; sourceTree = "<group>"; };
		00684A72181EBDCB0060C965 /* AudioToolbox.framework */ = {isa = PBXFileReference; lastKnownFileType = wrapper.framework; name = AudioToolbox.framework; path = System/Library/Frameworks/AudioToolbox.framework; sourceTree = SDKROOT; };
/* End PBXFileReference section */

/* Begin PBXFrameworksBuildPhase section */
		00684A32181EBD640060C965 /* Frameworks */ = {
			isa = PBXFrameworksBuildPhase;
			buildActionMask = 2147483647;
			files = (
				00684A73181EBDCB0060C965 /* AudioToolbox.framework in Frameworks */,
				00684A3B181EBD640060C965 /* CoreGraphics.framework in Frameworks */,
				00684A3D181EBD640060C965 /* UIKit.framework in Frameworks */,
				00684A39181EBD640060C965 /* Foundation.framework in Frameworks */,
			);
			runOnlyForDeploymentPostprocessing = 0;
		};
		00684A53181EBD640060C965 /* Frameworks */ = {
			isa = PBXFrameworksBuildPhase;
			buildActionMask = 2147483647;
			files = (
				00684A58181EBD640060C965 /* XCTest.framework in Frameworks */,
				00684A5A181EBD640060C965 /* UIKit.framework in Frameworks */,
				00684A59181EBD640060C965 /* Foundation.framework in Frameworks */,
			);
			runOnlyForDeploymentPostprocessing = 0;
		};
/* End PBXFrameworksBuildPhase section */

/* Begin PBXGroup section */
		00684A2C181EBD640060C965 = {
			isa = PBXGroup;
			children = (
				00684A3E181EBD640060C965 /* GettingAttention */,
				00684A5D181EBD640060C965 /* GettingAttentionTests */,
				00684A37181EBD640060C965 /* Frameworks */,
				00684A36181EBD640060C965 /* Products */,
			);
			sourceTree = "<group>";
		};
		00684A36181EBD640060C965 /* Products */ = {
			isa = PBXGroup;
			children = (
				00684A35181EBD640060C965 /* GettingAttention.app */,
				00684A56181EBD640060C965 /* GettingAttentionTests.xctest */,
			);
			name = Products;
			sourceTree = "<group>";
		};
		00684A37181EBD640060C965 /* Frameworks */ = {
			isa = PBXGroup;
			children = (
				00684A72181EBDCB0060C965 /* AudioToolbox.framework */,
				00684A38181EBD640060C965 /* Foundation.framework */,
				00684A3A181EBD640060C965 /* CoreGraphics.framework */,
				00684A3C181EBD640060C965 /* UIKit.framework */,
				00684A57181EBD640060C965 /* XCTest.framework */,
			);
			name = Frameworks;
			sourceTree = "<group>";
		};
		00684A3E181EBD640060C965 /* GettingAttention */ = {
			isa = PBXGroup;
			children = (
				00684A6D181EBD820060C965 /* Sounds */,
				00684A47181EBD640060C965 /* AppDelegate.h */,
				00684A48181EBD640060C965 /* AppDelegate.m */,
				00684A4A181EBD640060C965 /* Main.storyboard */,
				00684A4D181EBD640060C965 /* ViewController.h */,
				00684A4E181EBD640060C965 /* ViewController.m */,
				00684A50181EBD640060C965 /* Images.xcassets */,
				00684A3F181EBD640060C965 /* Supporting Files */,
			);
			path = GettingAttention;
			sourceTree = "<group>";
		};
		00684A3F181EBD640060C965 /* Supporting Files */ = {
			isa = PBXGroup;
			children = (
				00684A40181EBD640060C965 /* GettingAttention-Info.plist */,
				00684A41181EBD640060C965 /* InfoPlist.strings */,
				00684A44181EBD640060C965 /* main.m */,
				00684A46181EBD640060C965 /* GettingAttention-Prefix.pch */,
			);
			name = "Supporting Files";
			sourceTree = "<group>";
		};
		00684A5D181EBD640060C965 /* GettingAttentionTests */ = {
			isa = PBXGroup;
			children = (
				00684A63181EBD650060C965 /* GettingAttentionTests.m */,
				00684A5E181EBD640060C965 /* Supporting Files */,
			);
			path = GettingAttentionTests;
			sourceTree = "<group>";
		};
		00684A5E181EBD640060C965 /* Supporting Files */ = {
			isa = PBXGroup;
			children = (
				00684A5F181EBD640060C965 /* GettingAttentionTests-Info.plist */,
				00684A60181EBD640060C965 /* InfoPlist.strings */,
			);
			name = "Supporting Files";
			sourceTree = "<group>";
		};
		00684A6D181EBD820060C965 /* Sounds */ = {
			isa = PBXGroup;
			children = (
				00684A6E181EBD820060C965 /* alertsound.wav */,
				00684A6F181EBD820060C965 /* soundeffect.wav */,
			);
			name = Sounds;
			path = "../../../../Desktop/iOS 6 Projects v1.0/Hour 10/Sounds";
			sourceTree = "<group>";
		};
/* End PBXGroup section */

/* Begin PBXNativeTarget section */
		00684A34181EBD640060C965 /* GettingAttention */ = {
			isa = PBXNativeTarget;
			buildConfigurationList = 00684A67181EBD650060C965 /* Build configuration list for PBXNativeTarget "GettingAttention" */;
			buildPhases = (
				00684A31181EBD640060C965 /* Sources */,
				00684A32181EBD640060C965 /* Frameworks */,
				00684A33181EBD640060C965 /* Resources */,
			);
			buildRules = (
			);
			dependencies = (
			);
			name = GettingAttention;
			productName = GettingAttention;
			productReference = 00684A35181EBD640060C965 /* GettingAttention.app */;
			productType = "com.apple.product-type.application";
		};
		00684A55181EBD640060C965 /* GettingAttentionTests */ = {
			isa = PBXNativeTarget;
			buildConfigurationList = 00684A6A181EBD650060C965 /* Build configuration list for PBXNativeTarget "GettingAttentionTests" */;
			buildPhases = (
				00684A52181EBD640060C965 /* Sources */,
				00684A53181EBD640060C965 /* Frameworks */,
				00684A54181EBD640060C965 /* Resources */,
			);
			buildRules = (
			);
			dependencies = (
				00684A5C181EBD640060C965 /* PBXTargetDependency */,
			);
			name = GettingAttentionTests;
			productName = GettingAttentionTests;
			productReference = 00684A56181EBD640060C965 /* GettingAttentionTests.xctest */;
			productType = "com.apple.product-type.bundle.unit-test";
		};
/* End PBXNativeTarget section */

/* Begin PBXProject section */
		00684A2D181EBD640060C965 /* Project object */ = {
			isa = PBXProject;
			attributes = {
				LastUpgradeCheck = 0500;
				ORGANIZATIONNAME = "David Ellinger";
				TargetAttributes = {
					00684A55181EBD640060C965 = {
						TestTargetID = 00684A34181EBD640060C965;
					};
				};
			};
			buildConfigurationList = 00684A30181EBD640060C965 /* Build configuration list for PBXProject "GettingAttention" */;
			compatibilityVersion = "Xcode 3.2";
			developmentRegion = English;
			hasScannedForEncodings = 0;
			knownRegions = (
				en,
				Base,
			);
			mainGroup = 00684A2C181EBD640060C965;
			productRefGroup = 00684A36181EBD640060C965 /* Products */;
			projectDirPath = "";
			projectRoot = "";
			targets = (
				00684A34181EBD640060C965 /* GettingAttention */,
				00684A55181EBD640060C965 /* GettingAttentionTests */,
			);
		};
/* End PBXProject section */

/* Begin PBXResourcesBuildPhase section */
		00684A33181EBD640060C965 /* Resources */ = {
			isa = PBXResourcesBuildPhase;
			buildActionMask = 2147483647;
			files = (
				00684A71181EBD820060C965 /* soundeffect.wav in Resources */,
				00684A51181EBD640060C965 /* Images.xcassets in Resources */,
				00684A43181EBD640060C965 /* InfoPlist.strings in Resources */,
				00684A4C181EBD640060C965 /* Main.storyboard in Resources */,
				00684A70181EBD820060C965 /* alertsound.wav in Resources */,
			);
			runOnlyForDeploymentPostprocessing = 0;
		};
		00684A54181EBD640060C965 /* Resources */ = {
			isa = PBXResourcesBuildPhase;
			buildActionMask = 2147483647;
			files = (
				00684A62181EBD650060C965 /* InfoPlist.strings in Resources */,
			);
			runOnlyForDeploymentPostprocessing = 0;
		};
/* End PBXResourcesBuildPhase section */

/* Begin PBXSourcesBuildPhase section */
		00684A31181EBD640060C965 /* Sources */ = {
			isa = PBXSourcesBuildPhase;
			buildActionMask = 2147483647;
			files = (
				00684A4F181EBD640060C965 /* ViewController.m in Sources */,
				00684A49181EBD640060C965 /* AppDelegate.m in Sources */,
				00684A45181EBD640060C965 /* main.m in Sources */,
			);
			runOnlyForDeploymentPostprocessing = 0;
		};
		00684A52181EBD640060C965 /* Sources */ = {
			isa = PBXSourcesBuildPhase;
			buildActionMask = 2147483647;
			files = (
				00684A64181EBD650060C965 /* GettingAttentionTests.m in Sources */,
			);
			runOnlyForDeploymentPostprocessing = 0;
		};
/* End PBXSourcesBuildPhase section */

/* Begin PBXTargetDependency section */
		00684A5C181EBD640060C965 /* PBXTargetDependency */ = {
			isa = PBXTargetDependency;
			target = 00684A34181EBD640060C965 /* GettingAttention */;
			targetProxy = 00684A5B181EBD640060C965 /* PBXContainerItemProxy */;
		};
/* End PBXTargetDependency section */

/* Begin PBXVariantGroup section */
		00684A41181EBD640060C965 /* InfoPlist.strings */ = {
			isa = PBXVariantGroup;
			children = (
				00684A42181EBD640060C965 /* en */,
			);
			name = InfoPlist.strings;
			sourceTree = "<group>";
		};
		00684A4A181EBD640060C965 /* Main.storyboard */ = {
			isa = PBXVariantGroup;
			children = (
				00684A4B181EBD640060C965 /* Base */,
			);
			name = Main.storyboard;
			sourceTree = "<group>";
		};
		00684A60181EBD640060C965 /* InfoPlist.strings */ = {
			isa = PBXVariantGroup;
			children = (
				00684A61181EBD640060C965 /* en */,
			);
			name = InfoPlist.strings;
			sourceTree = "<group>";
		};
/* End PBXVariantGroup section */

/* Begin XCBuildConfiguration section */
		00684A65181EBD650060C965 /* Debug */ = {
			isa = XCBuildConfiguration;
			buildSettings = {
				ALWAYS_SEARCH_USER_PATHS = NO;
				ARCHS = "$(ARCHS_STANDARD_INCLUDING_64_BIT)";
				CLANG_CXX_LANGUAGE_STANDARD = "gnu++0x";
				CLANG_CXX_LIBRARY = "libc++";
				CLANG_ENABLE_MODULES = YES;
				CLANG_ENABLE_OBJC_ARC = YES;
				CLANG_WARN_BOOL_CONVERSION = YES;
				CLANG_WARN_CONSTANT_CONVERSION = YES;
				CLANG_WARN_DIRECT_OBJC_ISA_USAGE = YES_ERROR;
				CLANG_WARN_EMPTY_BODY = YES;
				CLANG_WARN_ENUM_CONVERSION = YES;
				CLANG_WARN_INT_CONVERSION = YES;
				CLANG_WARN_OBJC_ROOT_CLASS = YES_ERROR;
				CLANG_WARN__DUPLICATE_METHOD_MATCH = YES;
				"CODE_SIGN_IDENTITY[sdk=iphoneos*]" = "iPhone Developer";
				COPY_PHASE_STRIP = NO;
				GCC_C_LANGUAGE_STANDARD = gnu99;
				GCC_DYNAMIC_NO_PIC = NO;
				GCC_OPTIMIZATION_LEVEL = 0;
				GCC_PREPROCESSOR_DEFINITIONS = (
					"DEBUG=1",
					"$(inherited)",
				);
				GCC_SYMBOLS_PRIVATE_EXTERN = NO;
				GCC_WARN_64_TO_32_BIT_CONVERSION = YES;
				GCC_WARN_ABOUT_RETURN_TYPE = YES_ERROR;
				GCC_WARN_UNDECLARED_SELECTOR = YES;
				GCC_WARN_UNINITIALIZED_AUTOS = YES;
				GCC_WARN_UNUSED_FUNCTION = YES;
				GCC_WARN_UNUSED_VARIABLE = YES;
				IPHONEOS_DEPLOYMENT_TARGET = 7.0;
				ONLY_ACTIVE_ARCH = YES;
				SDKROOT = iphoneos;
			};
			name = Debug;
		};
		00684A66181EBD650060C965 /* Release */ = {
			isa = XCBuildConfiguration;
			buildSettings = {
				ALWAYS_SEARCH_USER_PATHS = NO;
				ARCHS = "$(ARCHS_STANDARD_INCLUDING_64_BIT)";
				CLANG_CXX_LANGUAGE_STANDARD = "gnu++0x";
				CLANG_CXX_LIBRARY = "libc++";
				CLANG_ENABLE_MODULES = YES;
				CLANG_ENABLE_OBJC_ARC = YES;
				CLANG_WARN_BOOL_CONVERSION = YES;
				CLANG_WARN_CONSTANT_CONVERSION = YES;
				CLANG_WARN_DIRECT_OBJC_ISA_USAGE = YES_ERROR;
				CLANG_WARN_EMPTY_BODY = YES;
				CLANG_WARN_ENUM_CONVERSION = YES;
				CLANG_WARN_INT_CONVERSION = YES;
				CLANG_WARN_OBJC_ROOT_CLASS = YES_ERROR;
				CLANG_WARN__DUPLICATE_METHOD_MATCH = YES;
				"CODE_SIGN_IDENTITY[sdk=iphoneos*]" = "iPhone Developer";
				COPY_PHASE_STRIP = YES;
				ENABLE_NS_ASSERTIONS = NO;
				GCC_C_LANGUAGE_STANDARD = gnu99;
				GCC_WARN_64_TO_32_BIT_CONVERSION = YES;
				GCC_WARN_ABOUT_RETURN_TYPE = YES_ERROR;
				GCC_WARN_UNDECLARED_SELECTOR = YES;
				GCC_WARN_UNINITIALIZED_AUTOS = YES;
				GCC_WARN_UNUSED_FUNCTION = YES;
				GCC_WARN_UNUSED_VARIABLE = YES;
				IPHONEOS_DEPLOYMENT_TARGET = 7.0;
				SDKROOT = iphoneos;
				VALIDATE_PRODUCT = YES;
			};
			name = Release;
		};
		00684A68181EBD650060C965 /* Debug */ = {
			isa = XCBuildConfiguration;
			buildSettings = {
				ASSETCATALOG_COMPILER_APPICON_NAME = AppIcon;
				ASSETCATALOG_COMPILER_LAUNCHIMAGE_NAME = LaunchImage;
				GCC_PRECOMPILE_PREFIX_HEADER = YES;
				GCC_PREFIX_HEADER = "GettingAttention/GettingAttention-Prefix.pch";
				INFOPLIST_FILE = "GettingAttention/GettingAttention-Info.plist";
				PRODUCT_NAME = "$(TARGET_NAME)";
				WRAPPER_EXTENSION = app;
			};
			name = Debug;
		};
		00684A69181EBD650060C965 /* Release */ = {
			isa = XCBuildConfiguration;
			buildSettings = {
				ASSETCATALOG_COMPILER_APPICON_NAME = AppIcon;
				ASSETCATALOG_COMPILER_LAUNCHIMAGE_NAME = LaunchImage;
				GCC_PRECOMPILE_PREFIX_HEADER = YES;
				GCC_PREFIX_HEADER = "GettingAttention/GettingAttention-Prefix.pch";
				INFOPLIST_FILE = "GettingAttention/GettingAttention-Info.plist";
				PRODUCT_NAME = "$(TARGET_NAME)";
				WRAPPER_EXTENSION = app;
			};
			name = Release;
		};
		00684A6B181EBD650060C965 /* Debug */ = {
			isa = XCBuildConfiguration;
			buildSettings = {
				ARCHS = "$(ARCHS_STANDARD_INCLUDING_64_BIT)";
				BUNDLE_LOADER = "$(BUILT_PRODUCTS_DIR)/GettingAttention.app/GettingAttention";
				FRAMEWORK_SEARCH_PATHS = (
					"$(SDKROOT)/Developer/Library/Frameworks",
					"$(inherited)",
					"$(DEVELOPER_FRAMEWORKS_DIR)",
				);
				GCC_PRECOMPILE_PREFIX_HEADER = YES;
				GCC_PREFIX_HEADER = "GettingAttention/GettingAttention-Prefix.pch";
				GCC_PREPROCESSOR_DEFINITIONS = (
					"DEBUG=1",
					"$(inherited)",
				);
				INFOPLIST_FILE = "GettingAttentionTests/GettingAttentionTests-Info.plist";
				PRODUCT_NAME = "$(TARGET_NAME)";
				TEST_HOST = "$(BUNDLE_LOADER)";
				WRAPPER_EXTENSION = xctest;
			};
			name = Debug;
		};
		00684A6C181EBD650060C965 /* Release */ = {
			isa = XCBuildConfiguration;
			buildSettings = {
				ARCHS = "$(ARCHS_STANDARD_INCLUDING_64_BIT)";
				BUNDLE_LOADER = "$(BUILT_PRODUCTS_DIR)/GettingAttention.app/GettingAttention";
				FRAMEWORK_SEARCH_PATHS = (
					"$(SDKROOT)/Developer/Library/Frameworks",
					"$(inherited)",
					"$(DEVELOPER_FRAMEWORKS_DIR)",
				);
				GCC_PRECOMPILE_PREFIX_HEADER = YES;
				GCC_PREFIX_HEADER = "GettingAttention/GettingAttention-Prefix.pch";
				INFOPLIST_FILE = "GettingAttentionTests/GettingAttentionTests-Info.plist";
				PRODUCT_NAME = "$(TARGET_NAME)";
				TEST_HOST = "$(BUNDLE_LOADER)";
				WRAPPER_EXTENSION = xctest;
			};
			name = Release;
		};
/* End XCBuildConfiguration section */

/* Begin XCConfigurationList section */
		00684A30181EBD640060C965 /* Build configuration list for PBXProject "GettingAttention" */ = {
			isa = XCConfigurationList;
			buildConfigurations = (
				00684A65181EBD650060C965 /* Debug */,
				00684A66181EBD650060C965 /* Release */,
			);
			defaultConfigurationIsVisible = 0;
			defaultConfigurationName = Release;
		};
		00684A67181EBD650060C965 /* Build configuration list for PBXNativeTarget "GettingAttention" */ = {
			isa = XCConfigurationList;
			buildConfigurations = (
				00684A68181EBD650060C965 /* Debug */,
				00684A69181EBD650060C965 /* Release */,
			);
			defaultConfigurationIsVisible = 0;
		};
		00684A6A181EBD650060C965 /* Build configuration list for PBXNativeTarget "GettingAttentionTests" */ = {
			isa = XCConfigurationList;
			buildConfigurations = (
				00684A6B181EBD650060C965 /* Debug */,
				00684A6C181EBD650060C965 /* Release */,
			);
			defaultConfigurationIsVisible = 0;
		};
/* End XCConfigurationList section */
	};
	rootObject = 00684A2D181EBD640060C965 /* Project object */;
}
